
Microsoft Visual Studio Solution File, Format Version 12.00
# Visual Studio 2017
Project("{FAE04EC0-301F-11D3-BF4B-00C04F79EFBC}") = "Roll a ball_1", "Roll a ball_1.csproj", "{B67DFB45-DE73-2620-69C8-25DFE975C5EC}"
EndProject
Global
	GlobalSection(SolutionConfigurationPlatforms) = preSolution
		Debug|Any CPU = Debug|Any CPU
		Release|Any CPU = Release|Any CPU
	EndGlobalSection
	GlobalSection(ProjectConfigurationPlatforms) = postSolution
		{B67DFB45-DE73-2620-69C8-25DFE975C5EC}.Debug|Any CPU.ActiveCfg = Debug|Any CPU
		{B67DFB45-DE73-2620-69C8-25DFE975C5EC}.Debug|Any CPU.Build.0 = Debug|Any CPU
		{B67DFB45-DE73-2620-69C8-25DFE975C5EC}.Release|Any CPU.ActiveCfg = Release|Any CPU
		{B67DFB45-DE73-2620-69C8-25DFE975C5EC}.Release|Any CPU.Build.0 = Release|Any CPU
	EndGlobalSection
	GlobalSection(SolutionProperties) = preSolution
		HideSolutionNode = FALSE
	EndGlobalSection
EndGlobal
